
Microsoft Visual Studio Solution File, Format Version 12.00
# Visual Studio Version 16
VisualStudioVersion = 16.0.30907.101
MinimumVisualStudioVersion = 10.0.40219.1
Project("{FAE04EC0-301F-11D3-BF4B-00C04F79EFBC}") = "WebAppNetCore", "WebAppNetCore\WebAppNetCore.csproj", "{927B4E2B-80BF-403A-B634-1EF7A530595E}"
EndProject
Global
	GlobalSection(SolutionConfigurationPlatforms) = preSolution
		Debug|Any CPU = Debug|Any CPU
		Release|Any CPU = Release|Any CPU
	EndGlobalSection
	GlobalSection(ProjectConfigurationPlatforms) = postSolution
		{927B4E2B-80BF-403A-B634-1EF7A530595E}.Debug|Any CPU.ActiveCfg = Debug|Any CPU
		{927B4E2B-80BF-403A-B634-1EF7A530595E}.Debug|Any CPU.Build.0 = Debug|Any CPU
		{927B4E2B-80BF-403A-B634-1EF7A530595E}.Release|Any CPU.ActiveCfg = Release|Any CPU
		{927B4E2B-80BF-403A-B634-1EF7A530595E}.Release|Any CPU.Build.0 = Release|Any CPU
	EndGlobalSection
	GlobalSection(SolutionProperties) = preSolution
		HideSolutionNode = FALSE
	EndGlobalSection
	GlobalSection(ExtensibilityGlobals) = postSolution
		SolutionGuid = {7C71E6BC-E196-4E0C-B267-E108BFEBA5CD}
	EndGlobalSection
EndGlobal
